github.com/Azure/go-ansiterm v0.0.0-20160622173216-fa152c58bc15 h1:VtP6TygBMvrR+SMMPHj3z3jvnj4vcafMRLIw4at7xww=
github.com/Azure/go-ansiterm v0.0.0-20160622173216-fa152c58bc15/go.mod h1:LmzpDX56iTiv29bbRTIsUNlaFfuhWRQBWjQdVyAevI8=
github.com/Sirupsen/logrus v0.10.1-0.20160829202321-3ec0642a7fb6 h1:8UA7ycG8qUIDb/pPY863f2BKlm8JZQhttl48uruw8bE=
github.com/Sirupsen/logrus v0.10.1-0.20160829202321-3ec0642a7fb6/go.mod h1:rmk17hk6i8ZSAJkSDa7nOxamrG+SP4P0mm+DAvExv4U=
github.com/davecgh/go-spew v1.1.1 h1:vj9j/u1bqnvCEfJOwUhtlOARqs3+rkHYY13jYWTU97c=
github.com/docker/docker v1.4.2-0.20160502201243-75e63c942ec8 h1:jLTsFWJWVwDHy7EoGctMT8hwHRbpp8u4ohTSJHvVt5c=
github.com/docker/docker v1.4.2-0.20160502201243-75e63c942ec8/go.mod h1:eEKB0N0r5NX/I1kEveEz05bcu8tLC/8azJZsviup8Sk=
github.com/docker/go-units v0.5.0 h1:69rxXcBk27SvSaaxTtLh/8llcHD8vYHT7WSdRZ/jvr4=
github.com/docker/go-units v0.5.0/go.mod h1:fgPhTUdO+D/Jk86RDLlptpiXQzgHJF7gydDDbaIK4Dk=
github.com/docker/machine v0.7.0-rc2.0.20160405014120-5b4159d0d8a1 h1:+7xgwoyGqRPM0R8xu7k4ySUYSDS3moOo3h+qAWPsPR4=
github.com/docker/machine v0.7.0-rc2.0.20160405014120-5b4159d0d8a1/go.mod h1:I8mPNDeK1uH+JTcUU7X0ZW8KiYz0jyAgNaeSJ1rCfDI=
github.com/gopherjs/gopherjs v1.17.2 h1:fQnZVsXk8uxXIStYb0N4bGk7jeyTalG/wsZjQ25dO0g=
github.com/jtolds/gls v4.20.0+incompatible h1:xdiiI2gbIgH/gLH7ADydsJ1uDOEzR8yvV7C0MuV77Wo=
github.com/ovh/go-ovh v0.0.0-20160411152349-09fe958c5a94 h1:OIyjBzCDkf7OTIHbjAfd6Ax2mqe9EVDoKk3AoOab/9g=
github.com/ovh/go-ovh v0.0.0-20160411152349-09fe958c5a94/go.mod h1:joRatxRJaZBsY3JAOEMcoOp05CnZzsx4scTxi95DHyQ=
github.com/pmezard/go-difflib v1.0.0 h1:4DBwDE0NGyQoBHbLQYPwSUPoCMWR5BEzIk/f1lZbAQM=
github.com/smarty/assertions v1.15.0 h1:cR//PqUBUiQRakZWqBiFFQ9wb8emQGDb0HeGdqGByCY=
github.com/smartystreets/goconvey v1.8.1 h1:qGjIddxOk4grTu9JPOU31tVfq3cNdBlNa5sSznIX1xY=
github.com/smartystreets/goconvey v1.8.1/go.mod h1:+/u4qLyY6x1jReYOp7GOM2FSt8aP9CzCZL03bI28W60=
github.com/stretchr/testify v1.8.4 h1:CcVxjf3Q8PM0mHUKJCdn+eZZtm5yQwehR5yeSVQQcUk=
github.com/stretchr/testify v1.8.4/go.mod h1:sz/lmYIOXD/1dqDmKjjqLyZ2RngseejIcXlSw2iwfAo=
golang.org/x/crypto v0.0.0-20160406043751-b8a0f4bb4040 h1:RnwcQ3Sk0auh8ivZIM/GgRDJZAXkJrwdTNtDBFLBV7o=
golang.org/x/crypto v0.0.0-20160406043751-b8a0f4bb4040/go.mod h1:6SG95UA2DQfeDnfUPMdvaQW0Q7yPrPDi9nlGo2tz2b4=
golang.org/x/sys v0.6.0 h1:MVltZSvRTcU2ljQOhs94SXPftV6DCNnZViHeQps87pQ=
golang.org/x/sys v0.6.0/go.mod h1:oPkhp1MJrh7nUepCBck5+mAzfO9JrbApNNgaTdGDITg=
gopkg.in/ini.v1 v1.11.0 h1:ChoHDHCgPYNQNKARtP7PiRKPS9/q311s4nnFcjg5uIA=
gopkg.in/ini.v1 v1.11.0/go.mod h1:pNLf8WUiyNEtQjuu5G5vTm06TEv9tsIgeAvK8hOrP4k=
gopkg.in/yaml.v3 v3.0.1 h1:fxVm/GzAzEWqLHuvctI91KS9hhNmmWOoWu0XTYJS7CA=
